{
  "nodes": {
    "home-manager": {
      "inputs": {
        "nixpkgs": [
          "nixpkgs"
        ]
      },
      "locked": {
        "lastModified": 1641121012,
        "narHash": "sha256-svaOMxNMQgFHjcxdmLojOxTxfqSENtnO+S3kb+npIwY=",
        "owner": "nix-community",
        "repo": "home-manager",
        "rev": "8e7a10602d1eb1d242c9d3f9b822203d5751a8c6",
        "type": "github"
      },
      "original": {
        "owner": "nix-community",
        "repo": "home-manager",
        "type": "github"
      }
    },
    "nixpkgs": {
      "locked": {
        "lastModified": 1640959792,
        "narHash": "sha256-zYSR//06FU2TDOpKKj0Hkff6unsxk3NwwNFuB1loU6E=",
        "owner": "nixos",
        "repo": "nixpkgs",
        "rev": "59bfda72480496f32787cec8c557182738b1bd3f",
        "type": "github"
      },
      "original": {
        "owner": "nixos",
        "ref": "nixos-unstable",
        "repo": "nixpkgs",
        "type": "github"
      }
    },
    "root": {
      "inputs": {
        "home-manager": "home-manager",
        "nixpkgs": "nixpkgs"
      }
    }
  },
  "root": "root",
  "version": 7
}
